
Microsoft Visual Studio Solution File, Format Version 12.00
# Visual Studio Version 17
VisualStudioVersion = 17.3.32611.2
MinimumVisualStudioVersion = 10.0.40219.1
Project("{FAE04EC0-301F-11D3-BF4B-00C04F79EFBC}") = "ConsoleApp3", "ConsoleApp3\ConsoleApp3.csproj", "{92FC5027-265D-4DFA-8215-6DA133B9DF9A}"
EndProject
Global
	GlobalSection(SolutionConfigurationPlatforms) = preSolution
		Debug|Any CPU = Debug|Any CPU
		Release|Any CPU = Release|Any CPU
	EndGlobalSection
	GlobalSection(ProjectConfigurationPlatforms) = postSolution
		{92FC5027-265D-4DFA-8215-6DA133B9DF9A}.Debug|Any CPU.ActiveCfg = Debug|Any CPU
		{92FC5027-265D-4DFA-8215-6DA133B9DF9A}.Debug|Any CPU.Build.0 = Debug|Any CPU
		{92FC5027-265D-4DFA-8215-6DA133B9DF9A}.Release|Any CPU.ActiveCfg = Release|Any CPU
		{92FC5027-265D-4DFA-8215-6DA133B9DF9A}.Release|Any CPU.Build.0 = Release|Any CPU
	EndGlobalSection
	GlobalSection(SolutionProperties) = preSolution
		HideSolutionNode = FALSE
	EndGlobalSection
	GlobalSection(ExtensibilityGlobals) = postSolution
		SolutionGuid = {5331678E-C354-43F1-A271-5CD312CA48C2}
	EndGlobalSection
EndGlobal
